
Microsoft Visual Studio Solution File, Format Version 12.00
# Visual Studio Version 17
VisualStudioVersion = 17.0.31912.275
MinimumVisualStudioVersion = 10.0.40219.1
Project("{FAE04EC0-301F-11D3-BF4B-00C04F79EFBC}") = "BooksStore", "BooksStore\BooksStore.csproj", "{43BD0E86-3AEF-48A3-A01D-6481E4061567}"
EndProject
Global
	GlobalSection(SolutionConfigurationPlatforms) = preSolution
		Debug|Any CPU = Debug|Any CPU
		Release|Any CPU = Release|Any CPU
	EndGlobalSection
	GlobalSection(ProjectConfigurationPlatforms) = postSolution
		{43BD0E86-3AEF-48A3-A01D-6481E4061567}.Debug|Any CPU.ActiveCfg = Debug|Any CPU
		{43BD0E86-3AEF-48A3-A01D-6481E4061567}.Debug|Any CPU.Build.0 = Debug|Any CPU
		{43BD0E86-3AEF-48A3-A01D-6481E4061567}.Release|Any CPU.ActiveCfg = Release|Any CPU
		{43BD0E86-3AEF-48A3-A01D-6481E4061567}.Release|Any CPU.Build.0 = Release|Any CPU
	EndGlobalSection
	GlobalSection(SolutionProperties) = preSolution
		HideSolutionNode = FALSE
	EndGlobalSection
	GlobalSection(ExtensibilityGlobals) = postSolution
		SolutionGuid = {83329A63-86C5-4EF4-B097-C4A4A1DF36E4}
	EndGlobalSection
EndGlobal
